version = 1
manifest_fingerprint = "594135a5c70c8e18"

[package]
name = "network-reactor-server-project"
version = "0.1.0"
edition = "2026"

[[dependency]]
name = "jadren-app"
requirement = ""
source = "path:../../stdlib/app"

[[dependency]]
name = "jadren-network"
requirement = ""
source = "path:../../stdlib/network"

