version = 1
manifest_fingerprint = "e987deabe4c0679c"

[package]
name = "network-auth-header-block-server-project"
version = "0.1.0"
edition = "2026"

[[dependency]]
name = "jadren-app"
requirement = ""
source = "path:../../stdlib/app"

[[dependency]]
name = "jadren-network"
requirement = ""
source = "path:../../stdlib/network"
