version = 1
manifest_fingerprint = "9c57f44587c5e5a9"

[package]
name = "json-api-client-project"
version = "0.1.0"
edition = "2026"

[[dependency]]
name = "jadren-json"
requirement = ""
source = "path:../../stdlib/json"

[[dependency]]
name = "jadren-network"
requirement = ""
source = "path:../../stdlib/network"

