version = 1
manifest_fingerprint = "42617f0af2260d38"

[package]
name = "app-state-http-server-project"
version = "0.1.0"
edition = "2026"

[[dependency]]
name = "jadren-app"
requirement = ""
source = "path:../../stdlib/app"

[[dependency]]
name = "jadren-network"
requirement = ""
source = "path:../../stdlib/network"
