version = 1
manifest_fingerprint = "16d97b1167fc4b91"

[package]
name = "network-auth-tls-buffer-client-project"
version = "0.1.0"
edition = "2026"

[[dependency]]
name = "jadren-app"
requirement = ""
source = "path:../../stdlib/app"

[[dependency]]
name = "jadren-network"
requirement = ""
source = "path:../../stdlib/network"
