version = 1
manifest_fingerprint = "47f7b694d3dd0404"

[package]
name = "network-auth-loop-buffer-client-project"
version = "0.1.0"
edition = "2026"

[[dependency]]
name = "jadren-app"
requirement = ""
source = "path:../../stdlib/app"

[[dependency]]
name = "jadren-core"
requirement = ""
source = "path:../../stdlib/core"

[[dependency]]
name = "jadren-network"
requirement = ""
source = "path:../../stdlib/network"
