version = 1
manifest_fingerprint = "a720058d977b4d42"

[package]
name = "app-data-auth-keep-alive-project"
version = "0.1.0"
edition = "2026"

[[dependency]]
name = "jadren-app"
requirement = ""
source = "path:../../stdlib/app"

[[dependency]]
name = "jadren-network"
requirement = ""
source = "path:../../stdlib/network"
