version = 1
manifest_fingerprint = "84c8ac58938aa98f"

[package]
name = "app-data-http-session-client-project"
version = "0.1.0"
edition = "2026"

[[dependency]]
name = "jadren-app"
requirement = ""
source = "path:../../stdlib/app"

[[dependency]]
name = "jadren-network"
requirement = ""
source = "path:../../stdlib/network"
